
Microsoft Visual Studio Solution File, Format Version 12.00
# Visual Studio Version 16
VisualStudioVersion = 16.0.30011.22
MinimumVisualStudioVersion = 10.0.40219.1
Project("{FAE04EC0-301F-11D3-BF4B-00C04F79EFBC}") = "ContatDetails", "ContatDetails\ContatDetails.csproj", "{E113B69E-1A6F-40FE-98BF-766D9857FD56}"
EndProject
Global
	GlobalSection(SolutionConfigurationPlatforms) = preSolution
		Debug|Any CPU = Debug|Any CPU
		Release|Any CPU = Release|Any CPU
	EndGlobalSection
	GlobalSection(ProjectConfigurationPlatforms) = postSolution
		{E113B69E-1A6F-40FE-98BF-766D9857FD56}.Debug|Any CPU.ActiveCfg = Debug|Any CPU
		{E113B69E-1A6F-40FE-98BF-766D9857FD56}.Debug|Any CPU.Build.0 = Debug|Any CPU
		{E113B69E-1A6F-40FE-98BF-766D9857FD56}.Release|Any CPU.ActiveCfg = Release|Any CPU
		{E113B69E-1A6F-40FE-98BF-766D9857FD56}.Release|Any CPU.Build.0 = Release|Any CPU
	EndGlobalSection
	GlobalSection(SolutionProperties) = preSolution
		HideSolutionNode = FALSE
	EndGlobalSection
	GlobalSection(ExtensibilityGlobals) = postSolution
		SolutionGuid = {ED99E0CE-46BE-4C19-BAD3-7B7968902BF0}
	EndGlobalSection
EndGlobal
